{
  "originHash" : "7b0873c05df45714a156ace5dd09dbcde9b52d1b7f3201e1f79ebefeee8c7710",
  "pins" : [
    {
      "identity" : "ainkradappkit",
      "kind" : "remoteSourceControl",
      "location" : "https://github.com/AinkradHQ/AinkradAppKit",
      "state" : {
        "revision" : "aa3fc955d523a9ec940626bddeeabd927c587737"
      }
    },
    {
      "identity" : "swift-argument-parser",
      "kind" : "remoteSourceControl",
      "location" : "https://github.com/apple/swift-argument-parser.git",
      "state" : {
        "revision" : "6a52f3251125d74daf04fcbd5e6f08a75d074382",
        "version" : "1.8.2"
      }
    }
  ],
  "version" : 3
}
