{
  "originHash" : "8117ef4c21824cf40429d79672350249af05802950eac343d8a326686a60ce42",
  "pins" : [
    {
      "identity" : "ainkradappkit",
      "kind" : "remoteSourceControl",
      "location" : "https://github.com/AinkradHQ/AinkradAppKit",
      "state" : {
        "revision" : "7bb80e9f1d01d468949f6c776dd111c9d6b8d690"
      }
    },
    {
      "identity" : "swift-argument-parser",
      "kind" : "remoteSourceControl",
      "location" : "https://github.com/apple/swift-argument-parser.git",
      "state" : {
        "revision" : "6a52f3251125d74daf04fcbd5e6f08a75d074382",
        "version" : "1.8.2"
      }
    }
  ],
  "version" : 3
}
