{
  "originHash" : "db63b19080c430e39cda0d47a6bdffd501bf5945e92fd04655efb14323da4e17",
  "pins" : [
    {
      "identity" : "ainkradappkit",
      "kind" : "remoteSourceControl",
      "location" : "https://github.com/AinkradHQ/AinkradAppKit",
      "state" : {
        "revision" : "3618e86aba65d9f07e5ad686f3d6822657c76ab3"
      }
    },
    {
      "identity" : "swift-argument-parser",
      "kind" : "remoteSourceControl",
      "location" : "https://github.com/apple/swift-argument-parser.git",
      "state" : {
        "revision" : "6a52f3251125d74daf04fcbd5e6f08a75d074382",
        "version" : "1.8.2"
      }
    }
  ],
  "version" : 3
}
